// !$*UTF8*$!
{
	archiveVersion = 1;
	classes = {
	};
	objectVersion = 46;
	objects = {

/* Begin PBXBuildFile section */
		A51B2EA61BF91CEE003AE087 /* main.swift in Sources */ = {isa = PBXBuildFile; fileRef = A51B2EA51BF91CEE003AE087 /* main.swift */; };
		A51B2EAD1BF91DB8003AE087 /* Utilities.swift in Sources */ = {isa = PBXBuildFile; fileRef = A51B2EAC1BF91DB8003AE087 /* Utilities.swift */; };
		A51B2EAF1BF92202003AE087 /* Menu.swift in Sources */ = {isa = PBXBuildFile; fileRef = A51B2EAE1BF92202003AE087 /* Menu.swift */; };
		A51B2EB11BF92C9D003AE087 /* Workout.swift in Sources */ = {isa = PBXBuildFile; fileRef = A51B2EB01BF92C9D003AE087 /* Workout.swift */; };
		A5747F3A1BF962CA0029721C /* Console.swift in Sources */ = {isa = PBXBuildFile; fileRef = A5747F391BF962CA0029721C /* Console.swift */; };
/* End PBXBuildFile section */

/* Begin PBXCopyFilesBuildPhase section */
		A51B2EA01BF91CEE003AE087 /* CopyFiles */ = {
			isa = PBXCopyFilesBuildPhase;
			buildActionMask = 2147483647;
			dstPath = /usr/share/man/man1/;
			dstSubfolderSpec = 0;
			files = (
			);
			runOnlyForDeploymentPostprocessing = 1;
		};
/* End PBXCopyFilesBuildPhase section */

/* Begin PBXFileReference section */
		A51B2EA21BF91CEE003AE087 /* WorkoutSchmorkout */ = {isa = PBXFileReference; explicitFileType = "compiled.mach-o.executable"; includeInIndex = 0; path = WorkoutSchmorkout; sourceTree = BUILT_PRODUCTS_DIR; };
		A51B2EA51BF91CEE003AE087 /* main.swift */ = {isa = PBXFileReference; lastKnownFileType = sourcecode.swift; path = main.swift; sourceTree = "<group>"; };
		A51B2EAC1BF91DB8003AE087 /* Utilities.swift */ = {isa = PBXFileReference; fileEncoding = 4; lastKnownFileType = sourcecode.swift; path = Utilities.swift; sourceTree = "<group>"; };
		A51B2EAE1BF92202003AE087 /* Menu.swift */ = {isa = PBXFileReference; fileEncoding = 4; lastKnownFileType = sourcecode.swift; path = Menu.swift; sourceTree = "<group>"; };
		A51B2EB01BF92C9D003AE087 /* Workout.swift */ = {isa = PBXFileReference; fileEncoding = 4; lastKnownFileType = sourcecode.swift; path = Workout.swift; sourceTree = "<group>"; };
		A5747F391BF962CA0029721C /* Console.swift */ = {isa = PBXFileReference; fileEncoding = 4; lastKnownFileType = sourcecode.swift; path = Console.swift; sourceTree = "<group>"; };
/* End PBXFileReference section */

/* Begin PBXFrameworksBuildPhase section */
		A51B2E9F1BF91CEE003AE087 /* Frameworks */ = {
			isa = PBXFrameworksBuildPhase;
			buildActionMask = 2147483647;
			files = (
			);
			runOnlyForDeploymentPostprocessing = 0;
		};
/* End PBXFrameworksBuildPhase section */

/* Begin PBXGroup section */
		A51B2E991BF91CEE003AE087 = {
			isa = PBXGroup;
			children = (
				A51B2EA41BF91CEE003AE087 /* WorkoutSchmorkout */,
				A51B2EA31BF91CEE003AE087 /* Products */,
			);
			sourceTree = "<group>";
		};
		A51B2EA31BF91CEE003AE087 /* Products */ = {
			isa = PBXGroup;
			children = (
				A51B2EA21BF91CEE003AE087 /* WorkoutSchmorkout */,
			);
			name = Products;
			sourceTree = "<group>";
		};
		A51B2EA41BF91CEE003AE087 /* WorkoutSchmorkout */ = {
			isa = PBXGroup;
			children = (
				A51B2EA51BF91CEE003AE087 /* main.swift */,
				A51B2EB01BF92C9D003AE087 /* Workout.swift */,
				A51B2EAE1BF92202003AE087 /* Menu.swift */,
				A51B2EAC1BF91DB8003AE087 /* Utilities.swift */,
				A5747F391BF962CA0029721C /* Console.swift */,
			);
			path = WorkoutSchmorkout;
			sourceTree = "<group>";
		};
/* End PBXGroup section */

/* Begin PBXNativeTarget section */
		A51B2EA11BF91CEE003AE087 /* WorkoutSchmorkout */ = {
			isa = PBXNativeTarget;
			buildConfigurationList = A51B2EA91BF91CEE003AE087 /* Build configuration list for PBXNativeTarget "WorkoutSchmorkout" */;
			buildPhases = (
				A51B2E9E1BF91CEE003AE087 /* Sources */,
				A51B2E9F1BF91CEE003AE087 /* Frameworks */,
				A51B2EA01BF91CEE003AE087 /* CopyFiles */,
			);
			buildRules = (
			);
			dependencies = (
			);
			name = WorkoutSchmorkout;
			productName = WorkoutSchmorkout;
			productReference = A51B2EA21BF91CEE003AE087 /* WorkoutSchmorkout */;
			productType = "com.apple.product-type.tool";
		};
/* End PBXNativeTarget section */

/* Begin PBXProject section */
		A51B2E9A1BF91CEE003AE087 /* Project object */ = {
			isa = PBXProject;
			attributes = {
				LastSwiftUpdateCheck = 0710;
				LastUpgradeCheck = 0710;
				ORGANIZATIONNAME = "Bliss Chapman";
				TargetAttributes = {
					A51B2EA11BF91CEE003AE087 = {
						CreatedOnToolsVersion = 7.1.1;
					};
				};
			};
			buildConfigurationList = A51B2E9D1BF91CEE003AE087 /* Build configuration list for PBXProject "WorkoutSchmorkout" */;
			compatibilityVersion = "Xcode 3.2";
			developmentRegion = English;
			hasScannedForEncodings = 0;
			knownRegions = (
				en,
			);
			mainGroup = A51B2E991BF91CEE003AE087;
			productRefGroup = A51B2EA31BF91CEE003AE087 /* Products */;
			projectDirPath = "";
			projectRoot = "";
			targets = (
				A51B2EA11BF91CEE003AE087 /* WorkoutSchmorkout */,
			);
		};
/* End PBXProject section */

/* Begin PBXSourcesBuildPhase section */
		A51B2E9E1BF91CEE003AE087 /* Sources */ = {
			isa = PBXSourcesBuildPhase;
			buildActionMask = 2147483647;
			files = (
				A51B2EAF1BF92202003AE087 /* Menu.swift in Sources */,
				A5747F3A1BF962CA0029721C /* Console.swift in Sources */,
				A51B2EAD1BF91DB8003AE087 /* Utilities.swift in Sources */,
				A51B2EA61BF91CEE003AE087 /* main.swift in Sources */,
				A51B2EB11BF92C9D003AE087 /* Workout.swift in Sources */,
			);
			runOnlyForDeploymentPostprocessing = 0;
		};
/* End PBXSourcesBuildPhase section */

/* Begin XCBuildConfiguration section */
		A51B2EA71BF91CEE003AE087 /* Debug */ = {
			isa = XCBuildConfiguration;
			buildSettings = {
				ALWAYS_SEARCH_USER_PATHS = NO;
				CLANG_CXX_LANGUAGE_STANDARD = "gnu++0x";
				CLANG_CXX_LIBRARY = "libc++";
				CLANG_ENABLE_MODULES = YES;
				CLANG_ENABLE_OBJC_ARC = YES;
				CLANG_WARN_BOOL_CONVERSION = YES;
				CLANG_WARN_CONSTANT_CONVERSION = YES;
				CLANG_WARN_DIRECT_OBJC_ISA_USAGE = YES_ERROR;
				CLANG_WARN_EMPTY_BODY = YES;
				CLANG_WARN_ENUM_CONVERSION = YES;
				CLANG_WARN_INT_CONVERSION = YES;
				CLANG_WARN_OBJC_ROOT_CLASS = YES_ERROR;
				CLANG_WARN_UNREACHABLE_CODE = YES;
				CLANG_WARN__DUPLICATE_METHOD_MATCH = YES;
				CODE_SIGN_IDENTITY = "-";
				COPY_PHASE_STRIP = NO;
				DEBUG_INFORMATION_FORMAT = dwarf;
				ENABLE_STRICT_OBJC_MSGSEND = YES;
				ENABLE_TESTABILITY = YES;
				GCC_C_LANGUAGE_STANDARD = gnu99;
				GCC_DYNAMIC_NO_PIC = NO;
				GCC_NO_COMMON_BLOCKS = YES;
				GCC_OPTIMIZATION_LEVEL = 0;
				GCC_PREPROCESSOR_DEFINITIONS = (
					"DEBUG=1",
					"$(inherited)",
				);
				GCC_WARN_64_TO_32_BIT_CONVERSION = YES;
				GCC_WARN_ABOUT_RETURN_TYPE = YES_ERROR;
				GCC_WARN_UNDECLARED_SELECTOR = YES;
				GCC_WARN_UNINITIALIZED_AUTOS = YES_AGGRESSIVE;
				GCC_WARN_UNUSED_FUNCTION = YES;
				GCC_WARN_UNUSED_VARIABLE = YES;
				MACOSX_DEPLOYMENT_TARGET = 10.11;
				MTL_ENABLE_DEBUG_INFO = YES;
				ONLY_ACTIVE_ARCH = YES;
				SDKROOT = macosx;
				SWIFT_OPTIMIZATION_LEVEL = "-Onone";
			};
			name = Debug;
		};
		A51B2EA81BF91CEE003AE087 /* Release */ = {
			isa = XCBuildConfiguration;
			buildSettings = {
				ALWAYS_SEARCH_USER_PATHS = NO;
				CLANG_CXX_LANGUAGE_STANDARD = "gnu++0x";
				CLANG_CXX_LIBRARY = "libc++";
				CLANG_ENABLE_MODULES = YES;
				CLANG_ENABLE_OBJC_ARC = YES;
				CLANG_WARN_BOOL_CONVERSION = YES;
				CLANG_WARN_CONSTANT_CONVERSION = YES;
				CLANG_WARN_DIRECT_OBJC_ISA_USAGE = YES_ERROR;
				CLANG_WARN_EMPTY_BODY = YES;
				CLANG_WARN_ENUM_CONVERSION = YES;
				CLANG_WARN_INT_CONVERSION = YES;
				CLANG_WARN_OBJC_ROOT_CLASS = YES_ERROR;
				CLANG_WARN_UNREACHABLE_CODE = YES;
				CLANG_WARN__DUPLICATE_METHOD_MATCH = YES;
				CODE_SIGN_IDENTITY = "-";
				COPY_PHASE_STRIP = NO;
				DEBUG_INFORMATION_FORMAT = "dwarf-with-dsym";
				ENABLE_NS_ASSERTIONS = NO;
				ENABLE_STRICT_OBJC_MSGSEND = YES;
				GCC_C_LANGUAGE_STANDARD = gnu99;
				GCC_NO_COMMON_BLOCKS = YES;
				GCC_WARN_64_TO_32_BIT_CONVERSION = YES;
				GCC_WARN_ABOUT_RETURN_TYPE = YES_ERROR;
				GCC_WARN_UNDECLARED_SELECTOR = YES;
				GCC_WARN_UNINITIALIZED_AUTOS = YES_AGGRESSIVE;
				GCC_WARN_UNUSED_FUNCTION = YES;
				GCC_WARN_UNUSED_VARIABLE = YES;
				MACOSX_DEPLOYMENT_TARGET = 10.11;
				MTL_ENABLE_DEBUG_INFO = NO;
				SDKROOT = macosx;
			};
			name = Release;
		};
		A51B2EAA1BF91CEE003AE087 /* Debug */ = {
			isa = XCBuildConfiguration;
			buildSettings = {
				PRODUCT_NAME = "$(TARGET_NAME)";
			};
			name = Debug;
		};
		A51B2EAB1BF91CEE003AE087 /* Release */ = {
			isa = XCBuildConfiguration;
			buildSettings = {
				PRODUCT_NAME = "$(TARGET_NAME)";
			};
			name = Release;
		};
/* End XCBuildConfiguration section */

/* Begin XCConfigurationList section */
		A51B2E9D1BF91CEE003AE087 /* Build configuration list for PBXProject "WorkoutSchmorkout" */ = {
			isa = XCConfigurationList;
			buildConfigurations = (
				A51B2EA71BF91CEE003AE087 /* Debug */,
				A51B2EA81BF91CEE003AE087 /* Release */,
			);
			defaultConfigurationIsVisible = 0;
			defaultConfigurationName = Release;
		};
		A51B2EA91BF91CEE003AE087 /* Build configuration list for PBXNativeTarget "WorkoutSchmorkout" */ = {
			isa = XCConfigurationList;
			buildConfigurations = (
				A51B2EAA1BF91CEE003AE087 /* Debug */,
				A51B2EAB1BF91CEE003AE087 /* Release */,
			);
			defaultConfigurationIsVisible = 0;
			defaultConfigurationName = Release;
		};
/* End XCConfigurationList section */
	};
	rootObject = A51B2E9A1BF91CEE003AE087 /* Project object */;
}
